
Microsoft Visual Studio Solution File, Format Version 12.00
# Visual Studio Version 16
VisualStudioVersion = 16.0.30907.101
MinimumVisualStudioVersion = 15.0.26124.0
Project("{9A19103F-16F7-4668-BE54-9A1E7A4F7556}") = "Sample.Azure.Translator.App", "src\Sample.Azure.Translator.App\Sample.Azure.Translator.App.csproj", "{6FDEBE24-801C-4E6A-9648-3283EF86E958}"
EndProject
Project("{9A19103F-16F7-4668-BE54-9A1E7A4F7556}") = "Sample.Azure.Translator", "src\Sample.Azure.Translator\Sample.Azure.Translator.csproj", "{00EFAACF-130F-4683-8B10-6C611D7C8AAB}"
EndProject
Project("{9A19103F-16F7-4668-BE54-9A1E7A4F7556}") = "Sample.Azure.Translator.Webapp", "src\Sample.Azure.Translator.Webapp\Sample.Azure.Translator.Webapp.csproj", "{4CF08303-FA30-47EC-A18F-9E7A066B56AB}"
EndProject
Project("{9A19103F-16F7-4668-BE54-9A1E7A4F7556}") = "kr.bbon.Azure.Translator.Services", "src\kr.bbon.Azure.Translator.Services\kr.bbon.Azure.Translator.Services.csproj", "{9C1F7387-6673-4045-8600-857B76DFA996}"
EndProject
Global
	GlobalSection(SolutionConfigurationPlatforms) = preSolution
		Debug|Any CPU = Debug|Any CPU
		Debug|x64 = Debug|x64
		Debug|x86 = Debug|x86
		Release|Any CPU = Release|Any CPU
		Release|x64 = Release|x64
		Release|x86 = Release|x86
	EndGlobalSection
	GlobalSection(ProjectConfigurationPlatforms) = postSolution
		{6FDEBE24-801C-4E6A-9648-3283EF86E958}.Debug|Any CPU.ActiveCfg = Debug|Any CPU
		{6FDEBE24-801C-4E6A-9648-3283EF86E958}.Debug|Any CPU.Build.0 = Debug|Any CPU
		{6FDEBE24-801C-4E6A-9648-3283EF86E958}.Debug|x64.ActiveCfg = Debug|Any CPU
		{6FDEBE24-801C-4E6A-9648-3283EF86E958}.Debug|x64.Build.0 = Debug|Any CPU
		{6FDEBE24-801C-4E6A-9648-3283EF86E958}.Debug|x86.ActiveCfg = Debug|Any CPU
		{6FDEBE24-801C-4E6A-9648-3283EF86E958}.Debug|x86.Build.0 = Debug|Any CPU
		{6FDEBE24-801C-4E6A-9648-3283EF86E958}.Release|Any CPU.ActiveCfg = Release|Any CPU
		{6FDEBE24-801C-4E6A-9648-3283EF86E958}.Release|Any CPU.Build.0 = Release|Any CPU
		{6FDEBE24-801C-4E6A-9648-3283EF86E958}.Release|x64.ActiveCfg = Release|Any CPU
		{6FDEBE24-801C-4E6A-9648-3283EF86E958}.Release|x64.Build.0 = Release|Any CPU
		{6FDEBE24-801C-4E6A-9648-3283EF86E958}.Release|x86.ActiveCfg = Release|Any CPU
		{6FDEBE24-801C-4E6A-9648-3283EF86E958}.Release|x86.Build.0 = Release|Any CPU
		{00EFAACF-130F-4683-8B10-6C611D7C8AAB}.Debug|Any CPU.ActiveCfg = Debug|Any CPU
		{00EFAACF-130F-4683-8B10-6C611D7C8AAB}.Debug|Any CPU.Build.0 = Debug|Any CPU
		{00EFAACF-130F-4683-8B10-6C611D7C8AAB}.Debug|x64.ActiveCfg = Debug|Any CPU
		{00EFAACF-130F-4683-8B10-6C611D7C8AAB}.Debug|x64.Build.0 = Debug|Any CPU
		{00EFAACF-130F-4683-8B10-6C611D7C8AAB}.Debug|x86.ActiveCfg = Debug|Any CPU
		{00EFAACF-130F-4683-8B10-6C611D7C8AAB}.Debug|x86.Build.0 = Debug|Any CPU
		{00EFAACF-130F-4683-8B10-6C611D7C8AAB}.Release|Any CPU.ActiveCfg = Release|Any CPU
		{00EFAACF-130F-4683-8B10-6C611D7C8AAB}.Release|Any CPU.Build.0 = Release|Any CPU
		{00EFAACF-130F-4683-8B10-6C611D7C8AAB}.Release|x64.ActiveCfg = Release|Any CPU
		{00EFAACF-130F-4683-8B10-6C611D7C8AAB}.Release|x64.Build.0 = Release|Any CPU
		{00EFAACF-130F-4683-8B10-6C611D7C8AAB}.Release|x86.ActiveCfg = Release|Any CPU
		{00EFAACF-130F-4683-8B10-6C611D7C8AAB}.Release|x86.Build.0 = Release|Any CPU
		{4CF08303-FA30-47EC-A18F-9E7A066B56AB}.Debug|Any CPU.ActiveCfg = Debug|Any CPU
		{4CF08303-FA30-47EC-A18F-9E7A066B56AB}.Debug|Any CPU.Build.0 = Debug|Any CPU
		{4CF08303-FA30-47EC-A18F-9E7A066B56AB}.Debug|x64.ActiveCfg = Debug|Any CPU
		{4CF08303-FA30-47EC-A18F-9E7A066B56AB}.Debug|x64.Build.0 = Debug|Any CPU
		{4CF08303-FA30-47EC-A18F-9E7A066B56AB}.Debug|x86.ActiveCfg = Debug|Any CPU
		{4CF08303-FA30-47EC-A18F-9E7A066B56AB}.Debug|x86.Build.0 = Debug|Any CPU
		{4CF08303-FA30-47EC-A18F-9E7A066B56AB}.Release|Any CPU.ActiveCfg = Release|Any CPU
		{4CF08303-FA30-47EC-A18F-9E7A066B56AB}.Release|Any CPU.Build.0 = Release|Any CPU
		{4CF08303-FA30-47EC-A18F-9E7A066B56AB}.Release|x64.ActiveCfg = Release|Any CPU
		{4CF08303-FA30-47EC-A18F-9E7A066B56AB}.Release|x64.Build.0 = Release|Any CPU
		{4CF08303-FA30-47EC-A18F-9E7A066B56AB}.Release|x86.ActiveCfg = Release|Any CPU
		{4CF08303-FA30-47EC-A18F-9E7A066B56AB}.Release|x86.Build.0 = Release|Any CPU
		{9C1F7387-6673-4045-8600-857B76DFA996}.Debug|Any CPU.ActiveCfg = Debug|Any CPU
		{9C1F7387-6673-4045-8600-857B76DFA996}.Debug|Any CPU.Build.0 = Debug|Any CPU
		{9C1F7387-6673-4045-8600-857B76DFA996}.Debug|x64.ActiveCfg = Debug|Any CPU
		{9C1F7387-6673-4045-8600-857B76DFA996}.Debug|x64.Build.0 = Debug|Any CPU
		{9C1F7387-6673-4045-8600-857B76DFA996}.Debug|x86.ActiveCfg = Debug|Any CPU
		{9C1F7387-6673-4045-8600-857B76DFA996}.Debug|x86.Build.0 = Debug|Any CPU
		{9C1F7387-6673-4045-8600-857B76DFA996}.Release|Any CPU.ActiveCfg = Release|Any CPU
		{9C1F7387-6673-4045-8600-857B76DFA996}.Release|Any CPU.Build.0 = Release|Any CPU
		{9C1F7387-6673-4045-8600-857B76DFA996}.Release|x64.ActiveCfg = Release|Any CPU
		{9C1F7387-6673-4045-8600-857B76DFA996}.Release|x64.Build.0 = Release|Any CPU
		{9C1F7387-6673-4045-8600-857B76DFA996}.Release|x86.ActiveCfg = Release|Any CPU
		{9C1F7387-6673-4045-8600-857B76DFA996}.Release|x86.Build.0 = Release|Any CPU
	EndGlobalSection
	GlobalSection(SolutionProperties) = preSolution
		HideSolutionNode = FALSE
	EndGlobalSection
	GlobalSection(ExtensibilityGlobals) = postSolution
		SolutionGuid = {1A875091-AB9E-488E-9B7C-450B1E0EDC20}
	EndGlobalSection
EndGlobal
